// !$*UTF8*$!
{
	archiveVersion = 1;
	classes = {
	};
	objectVersion = 46;
	objects = {

/* Begin PBXBuildFile section */
		56200B531E493C73003BB984 /* AppDelegate.swift in Sources */ = {isa = PBXBuildFile; fileRef = 56200B521E493C73003BB984 /* AppDelegate.swift */; };
		56200B551E493C73003BB984 /* ViewController.swift in Sources */ = {isa = PBXBuildFile; fileRef = 56200B541E493C73003BB984 /* ViewController.swift */; };
		56200B581E493C73003BB984 /* Main.storyboard in Resources */ = {isa = PBXBuildFile; fileRef = 56200B561E493C73003BB984 /* Main.storyboard */; };
		56200B5A1E493C73003BB984 /* Assets.xcassets in Resources */ = {isa = PBXBuildFile; fileRef = 56200B591E493C73003BB984 /* Assets.xcassets */; };
		56200B5D1E493C73003BB984 /* LaunchScreen.storyboard in Resources */ = {isa = PBXBuildFile; fileRef = 56200B5B1E493C73003BB984 /* LaunchScreen.storyboard */; };
		56200B651E493C90003BB984 /* SWLabel.swift in Sources */ = {isa = PBXBuildFile; fileRef = 56200B641E493C90003BB984 /* SWLabel.swift */; };
/* End PBXBuildFile section */

/* Begin PBXFileReference section */
		56200B4F1E493C73003BB984 /* SWLabelDemo.app */ = {isa = PBXFileReference; explicitFileType = wrapper.application; includeInIndex = 0; path = SWLabelDemo.app; sourceTree = BUILT_PRODUCTS_DIR; };
		56200B521E493C73003BB984 /* AppDelegate.swift */ = {isa = PBXFileReference; lastKnownFileType = sourcecode.swift; path = AppDelegate.swift; sourceTree = "<group>"; };
		56200B541E493C73003BB984 /* ViewController.swift */ = {isa = PBXFileReference; lastKnownFileType = sourcecode.swift; path = ViewController.swift; sourceTree = "<group>"; };
		56200B571E493C73003BB984 /* Base */ = {isa = PBXFileReference; lastKnownFileType = file.storyboard; name = Base; path = Base.lproj/Main.storyboard; sourceTree = "<group>"; };
		56200B591E493C73003BB984 /* Assets.xcassets */ = {isa = PBXFileReference; lastKnownFileType = folder.assetcatalog; path = Assets.xcassets; sourceTree = "<group>"; };
		56200B5C1E493C73003BB984 /* Base */ = {isa = PBXFileReference; lastKnownFileType = file.storyboard; name = Base; path = Base.lproj/LaunchScreen.storyboard; sourceTree = "<group>"; };
		56200B5E1E493C73003BB984 /* Info.plist */ = {isa = PBXFileReference; lastKnownFileType = text.plist.xml; path = Info.plist; sourceTree = "<group>"; };
		56200B641E493C90003BB984 /* SWLabel.swift */ = {isa = PBXFileReference; fileEncoding = 4; lastKnownFileType = sourcecode.swift; path = SWLabel.swift; sourceTree = "<group>"; };
/* End PBXFileReference section */

/* Begin PBXFrameworksBuildPhase section */
		56200B4C1E493C73003BB984 /* Frameworks */ = {
			isa = PBXFrameworksBuildPhase;
			buildActionMask = 2147483647;
			files = (
			);
			runOnlyForDeploymentPostprocessing = 0;
		};
/* End PBXFrameworksBuildPhase section */

/* Begin PBXGroup section */
		56200B461E493C73003BB984 = {
			isa = PBXGroup;
			children = (
				56200B641E493C90003BB984 /* SWLabel.swift */,
				56200B511E493C73003BB984 /* SWLabelDemo */,
				56200B501E493C73003BB984 /* Products */,
			);
			sourceTree = "<group>";
		};
		56200B501E493C73003BB984 /* Products */ = {
			isa = PBXGroup;
			children = (
				56200B4F1E493C73003BB984 /* SWLabelDemo.app */,
			);
			name = Products;
			sourceTree = "<group>";
		};
		56200B511E493C73003BB984 /* SWLabelDemo */ = {
			isa = PBXGroup;
			children = (
				56200B521E493C73003BB984 /* AppDelegate.swift */,
				56200B541E493C73003BB984 /* ViewController.swift */,
				56200B561E493C73003BB984 /* Main.storyboard */,
				56200B591E493C73003BB984 /* Assets.xcassets */,
				56200B5B1E493C73003BB984 /* LaunchScreen.storyboard */,
				56200B5E1E493C73003BB984 /* Info.plist */,
			);
			path = SWLabelDemo;
			sourceTree = "<group>";
		};
/* End PBXGroup section */

/* Begin PBXNativeTarget section */
		56200B4E1E493C73003BB984 /* SWLabelDemo */ = {
			isa = PBXNativeTarget;
			buildConfigurationList = 56200B611E493C73003BB984 /* Build configuration list for PBXNativeTarget "SWLabelDemo" */;
			buildPhases = (
				56200B4B1E493C73003BB984 /* Sources */,
				56200B4C1E493C73003BB984 /* Frameworks */,
				56200B4D1E493C73003BB984 /* Resources */,
			);
			buildRules = (
			);
			dependencies = (
			);
			name = SWLabelDemo;
			productName = SWLabelDemo;
			productReference = 56200B4F1E493C73003BB984 /* SWLabelDemo.app */;
			productType = "com.apple.product-type.application";
		};
/* End PBXNativeTarget section */

/* Begin PBXProject section */
		56200B471E493C73003BB984 /* Project object */ = {
			isa = PBXProject;
			attributes = {
				LastSwiftUpdateCheck = 0820;
				LastUpgradeCheck = 0820;
				ORGANIZATIONNAME = SevenWang;
				TargetAttributes = {
					56200B4E1E493C73003BB984 = {
						CreatedOnToolsVersion = 8.2;
						ProvisioningStyle = Automatic;
					};
				};
			};
			buildConfigurationList = 56200B4A1E493C73003BB984 /* Build configuration list for PBXProject "SWLabelDemo" */;
			compatibilityVersion = "Xcode 3.2";
			developmentRegion = English;
			hasScannedForEncodings = 0;
			knownRegions = (
				en,
				Base,
			);
			mainGroup = 56200B461E493C73003BB984;
			productRefGroup = 56200B501E493C73003BB984 /* Products */;
			projectDirPath = "";
			projectRoot = "";
			targets = (
				56200B4E1E493C73003BB984 /* SWLabelDemo */,
			);
		};
/* End PBXProject section */

/* Begin PBXResourcesBuildPhase section */
		56200B4D1E493C73003BB984 /* Resources */ = {
			isa = PBXResourcesBuildPhase;
			buildActionMask = 2147483647;
			files = (
				56200B5D1E493C73003BB984 /* LaunchScreen.storyboard in Resources */,
				56200B5A1E493C73003BB984 /* Assets.xcassets in Resources */,
				56200B581E493C73003BB984 /* Main.storyboard in Resources */,
			);
			runOnlyForDeploymentPostprocessing = 0;
		};
/* End PBXResourcesBuildPhase section */

/* Begin PBXSourcesBuildPhase section */
		56200B4B1E493C73003BB984 /* Sources */ = {
			isa = PBXSourcesBuildPhase;
			buildActionMask = 2147483647;
			files = (
				56200B651E493C90003BB984 /* SWLabel.swift in Sources */,
				56200B551E493C73003BB984 /* ViewController.swift in Sources */,
				56200B531E493C73003BB984 /* AppDelegate.swift in Sources */,
			);
			runOnlyForDeploymentPostprocessing = 0;
		};
/* End PBXSourcesBuildPhase section */

/* Begin PBXVariantGroup section */
		56200B561E493C73003BB984 /* Main.storyboard */ = {
			isa = PBXVariantGroup;
			children = (
				56200B571E493C73003BB984 /* Base */,
			);
			name = Main.storyboard;
			sourceTree = "<group>";
		};
		56200B5B1E493C73003BB984 /* LaunchScreen.storyboard */ = {
			isa = PBXVariantGroup;
			children = (
				56200B5C1E493C73003BB984 /* Base */,
			);
			name = LaunchScreen.storyboard;
			sourceTree = "<group>";
		};
/* End PBXVariantGroup section */

/* Begin XCBuildConfiguration section */
		56200B5F1E493C73003BB984 /* Debug */ = {
			isa = XCBuildConfiguration;
			buildSettings = {
				ALWAYS_SEARCH_USER_PATHS = NO;
				CLANG_ANALYZER_NONNULL = YES;
				CLANG_CXX_LANGUAGE_STANDARD = "gnu++0x";
				CLANG_CXX_LIBRARY = "libc++";
				CLANG_ENABLE_MODULES = YES;
				CLANG_ENABLE_OBJC_ARC = YES;
				CLANG_WARN_BOOL_CONVERSION = YES;
				CLANG_WARN_CONSTANT_CONVERSION = YES;
				CLANG_WARN_DIRECT_OBJC_ISA_USAGE = YES_ERROR;
				CLANG_WARN_DOCUMENTATION_COMMENTS = YES;
				CLANG_WARN_EMPTY_BODY = YES;
				CLANG_WARN_ENUM_CONVERSION = YES;
				CLANG_WARN_INFINITE_RECURSION = YES;
				CLANG_WARN_INT_CONVERSION = YES;
				CLANG_WARN_OBJC_ROOT_CLASS = YES_ERROR;
				CLANG_WARN_SUSPICIOUS_MOVE = YES;
				CLANG_WARN_UNREACHABLE_CODE = YES;
				CLANG_WARN__DUPLICATE_METHOD_MATCH = YES;
				"CODE_SIGN_IDENTITY[sdk=iphoneos*]" = "iPhone Developer";
				COPY_PHASE_STRIP = NO;
				DEBUG_INFORMATION_FORMAT = dwarf;
				ENABLE_STRICT_OBJC_MSGSEND = YES;
				ENABLE_TESTABILITY = YES;
				GCC_C_LANGUAGE_STANDARD = gnu99;
				GCC_DYNAMIC_NO_PIC = NO;
				GCC_NO_COMMON_BLOCKS = YES;
				GCC_OPTIMIZATION_LEVEL = 0;
				GCC_PREPROCESSOR_DEFINITIONS = (
					"DEBUG=1",
					"$(inherited)",
				);
				GCC_WARN_64_TO_32_BIT_CONVERSION = YES;
				GCC_WARN_ABOUT_RETURN_TYPE = YES_ERROR;
				GCC_WARN_UNDECLARED_SELECTOR = YES;
				GCC_WARN_UNINITIALIZED_AUTOS = YES_AGGRESSIVE;
				GCC_WARN_UNUSED_FUNCTION = YES;
				GCC_WARN_UNUSED_VARIABLE = YES;
				IPHONEOS_DEPLOYMENT_TARGET = 10.2;
				MTL_ENABLE_DEBUG_INFO = YES;
				ONLY_ACTIVE_ARCH = YES;
				SDKROOT = iphoneos;
				SWIFT_ACTIVE_COMPILATION_CONDITIONS = DEBUG;
				SWIFT_OPTIMIZATION_LEVEL = "-Onone";
				TARGETED_DEVICE_FAMILY = "1,2";
			};
			name = Debug;
		};
		56200B601E493C73003BB984 /* Release */ = {
			isa = XCBuildConfiguration;
			buildSettings = {
				ALWAYS_SEARCH_USER_PATHS = NO;
				CLANG_ANALYZER_NONNULL = YES;
				CLANG_CXX_LANGUAGE_STANDARD = "gnu++0x";
				CLANG_CXX_LIBRARY = "libc++";
				CLANG_ENABLE_MODULES = YES;
				CLANG_ENABLE_OBJC_ARC = YES;
				CLANG_WARN_BOOL_CONVERSION = YES;
				CLANG_WARN_CONSTANT_CONVERSION = YES;
				CLANG_WARN_DIRECT_OBJC_ISA_USAGE = YES_ERROR;
				CLANG_WARN_DOCUMENTATION_COMMENTS = YES;
				CLANG_WARN_EMPTY_BODY = YES;
				CLANG_WARN_ENUM_CONVERSION = YES;
				CLANG_WARN_INFINITE_RECURSION = YES;
				CLANG_WARN_INT_CONVERSION = YES;
				CLANG_WARN_OBJC_ROOT_CLASS = YES_ERROR;
				CLANG_WARN_SUSPICIOUS_MOVE = YES;
				CLANG_WARN_UNREACHABLE_CODE = YES;
				CLANG_WARN__DUPLICATE_METHOD_MATCH = YES;
				"CODE_SIGN_IDENTITY[sdk=iphoneos*]" = "iPhone Developer";
				COPY_PHASE_STRIP = NO;
				DEBUG_INFORMATION_FORMAT = "dwarf-with-dsym";
				ENABLE_NS_ASSERTIONS = NO;
				ENABLE_STRICT_OBJC_MSGSEND = YES;
				GCC_C_LANGUAGE_STANDARD = gnu99;
				GCC_NO_COMMON_BLOCKS = YES;
				GCC_WARN_64_TO_32_BIT_CONVERSION = YES;
				GCC_WARN_ABOUT_RETURN_TYPE = YES_ERROR;
				GCC_WARN_UNDECLARED_SELECTOR = YES;
				GCC_WARN_UNINITIALIZED_AUTOS = YES_AGGRESSIVE;
				GCC_WARN_UNUSED_FUNCTION = YES;
				GCC_WARN_UNUSED_VARIABLE = YES;
				IPHONEOS_DEPLOYMENT_TARGET = 10.2;
				MTL_ENABLE_DEBUG_INFO = NO;
				SDKROOT = iphoneos;
				SWIFT_OPTIMIZATION_LEVEL = "-Owholemodule";
				TARGETED_DEVICE_FAMILY = "1,2";
				VALIDATE_PRODUCT = YES;
			};
			name = Release;
		};
		56200B621E493C73003BB984 /* Debug */ = {
			isa = XCBuildConfiguration;
			buildSettings = {
				ASSETCATALOG_COMPILER_APPICON_NAME = AppIcon;
				INFOPLIST_FILE = SWLabelDemo/Info.plist;
				LD_RUNPATH_SEARCH_PATHS = "$(inherited) @executable_path/Frameworks";
				PRODUCT_BUNDLE_IDENTIFIER = com.SevenWang.SWLabelDemo;
				PRODUCT_NAME = "$(TARGET_NAME)";
				SWIFT_VERSION = 3.0;
			};
			name = Debug;
		};
		56200B631E493C73003BB984 /* Release */ = {
			isa = XCBuildConfiguration;
			buildSettings = {
				ASSETCATALOG_COMPILER_APPICON_NAME = AppIcon;
				INFOPLIST_FILE = SWLabelDemo/Info.plist;
				LD_RUNPATH_SEARCH_PATHS = "$(inherited) @executable_path/Frameworks";
				PRODUCT_BUNDLE_IDENTIFIER = com.SevenWang.SWLabelDemo;
				PRODUCT_NAME = "$(TARGET_NAME)";
				SWIFT_VERSION = 3.0;
			};
			name = Release;
		};
/* End XCBuildConfiguration section */

/* Begin XCConfigurationList section */
		56200B4A1E493C73003BB984 /* Build configuration list for PBXProject "SWLabelDemo" */ = {
			isa = XCConfigurationList;
			buildConfigurations = (
				56200B5F1E493C73003BB984 /* Debug */,
				56200B601E493C73003BB984 /* Release */,
			);
			defaultConfigurationIsVisible = 0;
			defaultConfigurationName = Release;
		};
		56200B611E493C73003BB984 /* Build configuration list for PBXNativeTarget "SWLabelDemo" */ = {
			isa = XCConfigurationList;
			buildConfigurations = (
				56200B621E493C73003BB984 /* Debug */,
				56200B631E493C73003BB984 /* Release */,
			);
			defaultConfigurationIsVisible = 0;
		};
/* End XCConfigurationList section */
	};
	rootObject = 56200B471E493C73003BB984 /* Project object */;
}
